GIT
  remote: https://github.com/cloudfoundry/buildpack-packager
  revision: f88bfee41cf46d5b6ea487d6c30a99ed7c0e51eb
  tag: v2.3.23
  specs:
    buildpack-packager (2.3.23)
      activesupport (~> 4.1)
      kwalify (~> 0)
      semantic
      terminal-table (~> 1.4)

GEM
  remote: https://rubygems.org/
  specs:
    activesupport (4.2.11.3)
      i18n (~> 0.7)
      minitest (~> 5.1)
      thread_safe (~> 0.3, >= 0.3.4)
      tzinfo (~> 1.1)
    concurrent-ruby (1.2.0)
    i18n (0.9.5)
      concurrent-ruby (~> 1.0)
    kwalify (0.7.2)
    minitest (5.17.0)
    semantic (1.6.1)
    terminal-table (1.8.0)
      unicode-display_width (~> 1.1, >= 1.1.1)
    thread_safe (0.3.6)
    tzinfo (1.2.11)
      thread_safe (~> 0.1)
    unicode-display_width (1.8.0)

PLATFORMS
  ruby

DEPENDENCIES
  buildpack-packager!

RUBY VERSION
   ruby 3.0.5p211

BUNDLED WITH
   2.2.33
