GIT
  remote: https://github.com/cloudfoundry/buildpack-packager
  revision: 51027140385350743312176e6a0ce9c58c57dd56
  tag: v2.3.20
  specs:
    buildpack-packager (2.3.20)
      activesupport (~> 4.1)
      kwalify (~> 0)
      semantic
      terminal-table (~> 1.4)

GEM
  remote: https://rubygems.org/
  specs:
    activesupport (4.2.11.1)
      i18n (~> 0.7)
      minitest (~> 5.1)
      thread_safe (~> 0.3, >= 0.3.4)
      tzinfo (~> 1.1)
    concurrent-ruby (1.1.5)
    i18n (0.9.5)
      concurrent-ruby (~> 1.0)
    kwalify (0.7.2)
    minitest (5.12.2)
    semantic (1.6.1)
    terminal-table (1.8.0)
      unicode-display_width (~> 1.1, >= 1.1.1)
    thread_safe (0.3.6)
    tzinfo (1.2.5)
      thread_safe (~> 0.1)
    unicode-display_width (1.6.0)

PLATFORMS
  ruby

DEPENDENCIES
  buildpack-packager!

RUBY VERSION
   ruby 2.3.1p112

BUNDLED WITH
   1.17.3
